
Microsoft Visual Studio Solution File, Format Version 12.00
# Visual Studio Version 17
VisualStudioVersion = 17.9.34728.123
MinimumVisualStudioVersion = 10.0.40219.1
Project("{FAE04EC0-301F-11D3-BF4B-00C04F79EFBC}") = "FlashcardsConsoleApp", "FlashcardsConsoleApp\FlashcardsConsoleApp.csproj", "{90487C74-451F-4629-AABE-3FE47CD84385}"
EndProject
Global
	GlobalSection(SolutionConfigurationPlatforms) = preSolution
		Debug|Any CPU = Debug|Any CPU
		Release|Any CPU = Release|Any CPU
	EndGlobalSection
	GlobalSection(ProjectConfigurationPlatforms) = postSolution
		{90487C74-451F-4629-AABE-3FE47CD84385}.Debug|Any CPU.ActiveCfg = Debug|Any CPU
		{90487C74-451F-4629-AABE-3FE47CD84385}.Debug|Any CPU.Build.0 = Debug|Any CPU
		{90487C74-451F-4629-AABE-3FE47CD84385}.Release|Any CPU.ActiveCfg = Release|Any CPU
		{90487C74-451F-4629-AABE-3FE47CD84385}.Release|Any CPU.Build.0 = Release|Any CPU
	EndGlobalSection
	GlobalSection(SolutionProperties) = preSolution
		HideSolutionNode = FALSE
	EndGlobalSection
	GlobalSection(ExtensibilityGlobals) = postSolution
		SolutionGuid = {48451C80-512B-4325-A52A-B9164D8A4F01}
	EndGlobalSection
EndGlobal
